{
  "name": "@mui/x-license",
  "version": "7.18.0",
  "lockfileVersion": 3,
  "requires": true,
  "packages": {
    "": {
      "name": "@mui/x-license",
      "version": "7.18.0",
      "license": "SEE LICENSE IN LICENSE",
      "dependencies": {
        "@babel/runtime": "^7.25.6",
        "@mui/utils": "^5.16.6"
      },
      "devDependencies": {
        "@mui/internal-test-utils": "^1.0.14",
        "rimraf": "^6.0.1"
      },
      "engines": {
        "node": ">=14.0.0"
      },
      "peerDependencies": {
        "react": "^17.0.0 || ^18.0.0"
      }
    },
    "../../node_modules/.pnpm/@babel+runtime@7.25.6/node_modules/@babel/runtime": {
      "version": "7.25.6",
      "license": "MIT",
      "dependencies": {
        "regenerator-runtime": "^0.14.0"
      },
      "engines": {
        "node": ">=6.9.0"
      }
    },
    "../../node_modules/.pnpm/@mui+internal-test-utils@1.0.14_@babel+core@7.25.2_@types+react-dom@18.3.0_@types+react@18.3._3expmmnnnxma36xzxeev64vsau/node_modules/@mui/internal-test-utils": {
      "version": "1.0.14",
      "dev": true,
      "dependencies": {
        "@babel/plugin-transform-modules-commonjs": "^7.24.8",
        "@babel/preset-typescript": "^7.24.7",
        "@babel/register": "^7.24.6",
        "@babel/runtime": "^7.25.6",
        "@emotion/cache": "^11.13.1",
        "@emotion/react": "^11.13.3",
        "@testing-library/dom": "^10.4.0",
        "@testing-library/react": "^16.0.1",
        "@testing-library/user-event": "^14.5.2",
        "chai": "^4.5.0",
        "chai-dom": "^1.12.0",
        "dom-accessibility-api": "^0.7.0",
        "format-util": "^1.0.5",
        "fs-extra": "^11.2.0",
        "jsdom": "^24.0.0",
        "lodash": "^4.17.21",
        "mocha": "^10.7.3",
        "playwright": "^1.47.1",
        "prop-types": "^15.8.1",
        "sinon": "^18.0.1"
      },
      "devDependencies": {
        "@types/chai": "^4.3.19",
        "@types/chai-dom": "^1.11.3",
        "@types/format-util": "^1.0.4",
        "@types/prop-types": "^15.7.12",
        "@types/react": "^18.3.4",
        "@types/react-dom": "^18.3.0",
        "@types/sinon": "^17.0.3",
        "typescript": "^5.5.4"
      },
      "peerDependencies": {
        "react": "^18.2.0",
        "react-dom": "^18.2.0"
      }
    },
    "../../node_modules/.pnpm/@mui+utils@5.16.6_@types+react@18.3.4_react@18.3.1/node_modules/@mui/utils": {
      "version": "5.16.6",
      "license": "MIT",
      "dependencies": {
        "@babel/runtime": "^7.23.9",
        "@mui/types": "^7.2.15",
        "@types/prop-types": "^15.7.12",
        "clsx": "^2.1.1",
        "prop-types": "^15.8.1",
        "react-is": "^18.3.1"
      },
      "engines": {
        "node": ">=12.0.0"
      },
      "funding": {
        "type": "opencollective",
        "url": "https://opencollective.com/mui-org"
      },
      "peerDependencies": {
        "@types/react": "^17.0.0 || ^18.0.0",
        "react": "^17.0.0 || ^18.0.0"
      },
      "peerDependenciesMeta": {
        "@types/react": {
          "optional": true
        }
      }
    },
    "../../node_modules/.pnpm/react@18.3.1/node_modules/react": {
      "version": "18.3.1",
      "license": "MIT",
      "peer": true,
      "dependencies": {
        "loose-envify": "^1.1.0"
      },
      "engines": {
        "node": ">=0.10.0"
      }
    },
    "../../node_modules/.pnpm/rimraf@6.0.1/node_modules/rimraf": {
      "version": "6.0.1",
      "dev": true,
      "license": "ISC",
      "dependencies": {
        "glob": "^11.0.0",
        "package-json-from-dist": "^1.0.0"
      },
      "bin": {
        "rimraf": "dist/esm/bin.mjs"
      },
      "devDependencies": {
        "@types/node": "^20.14.10",
        "mkdirp": "^3.0.1",
        "prettier": "^3.3.2",
        "tap": "^20.0.3",
        "tshy": "^2.0.1",
        "typedoc": "^0.26.3"
      },
      "engines": {
        "node": "20 || >=22"
      },
      "funding": {
        "url": "https://github.com/sponsors/isaacs"
      }
    },
    "node_modules/@babel/runtime": {
      "resolved": "../../node_modules/.pnpm/@babel+runtime@7.25.6/node_modules/@babel/runtime",
      "link": true
    },
    "node_modules/@mui/internal-test-utils": {
      "resolved": "../../node_modules/.pnpm/@mui+internal-test-utils@1.0.14_@babel+core@7.25.2_@types+react-dom@18.3.0_@types+react@18.3._3expmmnnnxma36xzxeev64vsau/node_modules/@mui/internal-test-utils",
      "link": true
    },
    "node_modules/@mui/utils": {
      "resolved": "../../node_modules/.pnpm/@mui+utils@5.16.6_@types+react@18.3.4_react@18.3.1/node_modules/@mui/utils",
      "link": true
    },
    "node_modules/react": {
      "resolved": "../../node_modules/.pnpm/react@18.3.1/node_modules/react",
      "link": true
    },
    "node_modules/rimraf": {
      "resolved": "../../node_modules/.pnpm/rimraf@6.0.1/node_modules/rimraf",
      "link": true
    }
  }
}
